// !$*UTF8*$!
{
	archiveVersion = 1;
	classes = {
	};
	objectVersion = 46;
	objects = {

/* Begin PBXBuildFile section */
		CAAD06D31E112A1F00337747 /* AppDelegate.swift in Sources */ = {isa = PBXBuildFile; fileRef = CAAD06D21E112A1F00337747 /* AppDelegate.swift */; };
		CAAD06D51E112A1F00337747 /* Assets.xcassets in Resources */ = {isa = PBXBuildFile; fileRef = CAAD06D41E112A1F00337747 /* Assets.xcassets */; };
		CAAD06E01E112D3300337747 /* StockBarViewController.swift in Sources */ = {isa = PBXBuildFile; fileRef = CAAD06DF1E112D3300337747 /* StockBarViewController.swift */; };
		CAAD06E21E112E1100337747 /* StockItemView.swift in Sources */ = {isa = PBXBuildFile; fileRef = CAAD06E11E112E1100337747 /* StockItemView.swift */; };
		CAAD06E61E11749E00337747 /* icon@2x.png in Resources */ = {isa = PBXBuildFile; fileRef = CAAD06E51E11749E00337747 /* icon@2x.png */; };
		CAAD06E71E11775A00337747 /* MainMenu.xib in Resources */ = {isa = PBXBuildFile; fileRef = CAAD06D61E112A1F00337747 /* MainMenu.xib */; };
/* End PBXBuildFile section */

/* Begin PBXFileReference section */
		CAAD06CF1E112A1F00337747 /* StockBar.app */ = {isa = PBXFileReference; explicitFileType = wrapper.application; includeInIndex = 0; path = StockBar.app; sourceTree = BUILT_PRODUCTS_DIR; };
		CAAD06D21E112A1F00337747 /* AppDelegate.swift */ = {isa = PBXFileReference; lastKnownFileType = sourcecode.swift; path = AppDelegate.swift; sourceTree = "<group>"; };
		CAAD06D41E112A1F00337747 /* Assets.xcassets */ = {isa = PBXFileReference; lastKnownFileType = folder.assetcatalog; path = Assets.xcassets; sourceTree = "<group>"; };
		CAAD06D71E112A1F00337747 /* Base */ = {isa = PBXFileReference; lastKnownFileType = file.xib; name = Base; path = Base.lproj/MainMenu.xib; sourceTree = "<group>"; };
		CAAD06D91E112A1F00337747 /* Info.plist */ = {isa = PBXFileReference; lastKnownFileType = text.plist.xml; path = Info.plist; sourceTree = "<group>"; };
		CAAD06DF1E112D3300337747 /* StockBarViewController.swift */ = {isa = PBXFileReference; fileEncoding = 4; lastKnownFileType = sourcecode.swift; path = StockBarViewController.swift; sourceTree = "<group>"; };
		CAAD06E11E112E1100337747 /* StockItemView.swift */ = {isa = PBXFileReference; fileEncoding = 4; lastKnownFileType = sourcecode.swift; path = StockItemView.swift; sourceTree = "<group>"; };
		CAAD06E51E11749E00337747 /* icon@2x.png */ = {isa = PBXFileReference; lastKnownFileType = image.png; path = "icon@2x.png"; sourceTree = "<group>"; };
/* End PBXFileReference section */

/* Begin PBXFrameworksBuildPhase section */
		CAAD06CC1E112A1F00337747 /* Frameworks */ = {
			isa = PBXFrameworksBuildPhase;
			buildActionMask = 2147483647;
			files = (
			);
			runOnlyForDeploymentPostprocessing = 0;
		};
/* End PBXFrameworksBuildPhase section */

/* Begin PBXGroup section */
		CAAD06C61E112A1F00337747 = {
			isa = PBXGroup;
			children = (
				CAAD06D11E112A1F00337747 /* StockBar */,
				CAAD06D01E112A1F00337747 /* Products */,
			);
			sourceTree = "<group>";
		};
		CAAD06D01E112A1F00337747 /* Products */ = {
			isa = PBXGroup;
			children = (
				CAAD06CF1E112A1F00337747 /* StockBar.app */,
			);
			name = Products;
			sourceTree = "<group>";
		};
		CAAD06D11E112A1F00337747 /* StockBar */ = {
			isa = PBXGroup;
			children = (
				CAAD06E51E11749E00337747 /* icon@2x.png */,
				CAAD06D21E112A1F00337747 /* AppDelegate.swift */,
				CAAD06DF1E112D3300337747 /* StockBarViewController.swift */,
				CAAD06E11E112E1100337747 /* StockItemView.swift */,
				CAAD06D41E112A1F00337747 /* Assets.xcassets */,
				CAAD06D61E112A1F00337747 /* MainMenu.xib */,
				CAAD06D91E112A1F00337747 /* Info.plist */,
			);
			path = StockBar;
			sourceTree = "<group>";
		};
/* End PBXGroup section */

/* Begin PBXNativeTarget section */
		CAAD06CE1E112A1F00337747 /* StockBar */ = {
			isa = PBXNativeTarget;
			buildConfigurationList = CAAD06DC1E112A1F00337747 /* Build configuration list for PBXNativeTarget "StockBar" */;
			buildPhases = (
				CAAD06CB1E112A1F00337747 /* Sources */,
				CAAD06CC1E112A1F00337747 /* Frameworks */,
				CAAD06CD1E112A1F00337747 /* Resources */,
			);
			buildRules = (
			);
			dependencies = (
			);
			name = StockBar;
			productName = StockBar;
			productReference = CAAD06CF1E112A1F00337747 /* StockBar.app */;
			productType = "com.apple.product-type.application";
		};
/* End PBXNativeTarget section */

/* Begin PBXProject section */
		CAAD06C71E112A1F00337747 /* Project object */ = {
			isa = PBXProject;
			attributes = {
				LastSwiftUpdateCheck = 0820;
				LastUpgradeCheck = 0820;
				ORGANIZATIONNAME = Hiraku;
				TargetAttributes = {
					CAAD06CE1E112A1F00337747 = {
						CreatedOnToolsVersion = 8.2.1;
						ProvisioningStyle = Automatic;
					};
				};
			};
			buildConfigurationList = CAAD06CA1E112A1F00337747 /* Build configuration list for PBXProject "StockBar" */;
			compatibilityVersion = "Xcode 3.2";
			developmentRegion = English;
			hasScannedForEncodings = 0;
			knownRegions = (
				en,
				Base,
			);
			mainGroup = CAAD06C61E112A1F00337747;
			productRefGroup = CAAD06D01E112A1F00337747 /* Products */;
			projectDirPath = "";
			projectRoot = "";
			targets = (
				CAAD06CE1E112A1F00337747 /* StockBar */,
			);
		};
/* End PBXProject section */

/* Begin PBXResourcesBuildPhase section */
		CAAD06CD1E112A1F00337747 /* Resources */ = {
			isa = PBXResourcesBuildPhase;
			buildActionMask = 2147483647;
			files = (
				CAAD06D51E112A1F00337747 /* Assets.xcassets in Resources */,
				CAAD06E61E11749E00337747 /* icon@2x.png in Resources */,
				CAAD06E71E11775A00337747 /* MainMenu.xib in Resources */,
			);
			runOnlyForDeploymentPostprocessing = 0;
		};
/* End PBXResourcesBuildPhase section */

/* Begin PBXSourcesBuildPhase section */
		CAAD06CB1E112A1F00337747 /* Sources */ = {
			isa = PBXSourcesBuildPhase;
			buildActionMask = 2147483647;
			files = (
				CAAD06D31E112A1F00337747 /* AppDelegate.swift in Sources */,
				CAAD06E21E112E1100337747 /* StockItemView.swift in Sources */,
				CAAD06E01E112D3300337747 /* StockBarViewController.swift in Sources */,
			);
			runOnlyForDeploymentPostprocessing = 0;
		};
/* End PBXSourcesBuildPhase section */

/* Begin PBXVariantGroup section */
		CAAD06D61E112A1F00337747 /* MainMenu.xib */ = {
			isa = PBXVariantGroup;
			children = (
				CAAD06D71E112A1F00337747 /* Base */,
			);
			name = MainMenu.xib;
			sourceTree = "<group>";
		};
/* End PBXVariantGroup section */

/* Begin XCBuildConfiguration section */
		CAAD06DA1E112A1F00337747 /* Debug */ = {
			isa = XCBuildConfiguration;
			buildSettings = {
				ALWAYS_SEARCH_USER_PATHS = NO;
				CLANG_ANALYZER_NONNULL = YES;
				CLANG_CXX_LANGUAGE_STANDARD = "gnu++0x";
				CLANG_CXX_LIBRARY = "libc++";
				CLANG_ENABLE_MODULES = YES;
				CLANG_ENABLE_OBJC_ARC = YES;
				CLANG_WARN_BOOL_CONVERSION = YES;
				CLANG_WARN_CONSTANT_CONVERSION = YES;
				CLANG_WARN_DIRECT_OBJC_ISA_USAGE = YES_ERROR;
				CLANG_WARN_DOCUMENTATION_COMMENTS = YES;
				CLANG_WARN_EMPTY_BODY = YES;
				CLANG_WARN_ENUM_CONVERSION = YES;
				CLANG_WARN_INFINITE_RECURSION = YES;
				CLANG_WARN_INT_CONVERSION = YES;
				CLANG_WARN_OBJC_ROOT_CLASS = YES_ERROR;
				CLANG_WARN_SUSPICIOUS_MOVE = YES;
				CLANG_WARN_UNREACHABLE_CODE = YES;
				CLANG_WARN__DUPLICATE_METHOD_MATCH = YES;
				CODE_SIGN_IDENTITY = "-";
				COPY_PHASE_STRIP = NO;
				DEBUG_INFORMATION_FORMAT = dwarf;
				ENABLE_STRICT_OBJC_MSGSEND = YES;
				ENABLE_TESTABILITY = YES;
				GCC_C_LANGUAGE_STANDARD = gnu99;
				GCC_DYNAMIC_NO_PIC = NO;
				GCC_NO_COMMON_BLOCKS = YES;
				GCC_OPTIMIZATION_LEVEL = 0;
				GCC_PREPROCESSOR_DEFINITIONS = (
					"DEBUG=1",
					"$(inherited)",
				);
				GCC_WARN_64_TO_32_BIT_CONVERSION = YES;
				GCC_WARN_ABOUT_RETURN_TYPE = YES_ERROR;
				GCC_WARN_UNDECLARED_SELECTOR = YES;
				GCC_WARN_UNINITIALIZED_AUTOS = YES_AGGRESSIVE;
				GCC_WARN_UNUSED_FUNCTION = YES;
				GCC_WARN_UNUSED_VARIABLE = YES;
				MACOSX_DEPLOYMENT_TARGET = 10.12;
				MTL_ENABLE_DEBUG_INFO = YES;
				ONLY_ACTIVE_ARCH = YES;
				SDKROOT = macosx;
				SWIFT_ACTIVE_COMPILATION_CONDITIONS = DEBUG;
				SWIFT_OPTIMIZATION_LEVEL = "-Onone";
			};
			name = Debug;
		};
		CAAD06DB1E112A1F00337747 /* Release */ = {
			isa = XCBuildConfiguration;
			buildSettings = {
				ALWAYS_SEARCH_USER_PATHS = NO;
				CLANG_ANALYZER_NONNULL = YES;
				CLANG_CXX_LANGUAGE_STANDARD = "gnu++0x";
				CLANG_CXX_LIBRARY = "libc++";
				CLANG_ENABLE_MODULES = YES;
				CLANG_ENABLE_OBJC_ARC = YES;
				CLANG_WARN_BOOL_CONVERSION = YES;
				CLANG_WARN_CONSTANT_CONVERSION = YES;
				CLANG_WARN_DIRECT_OBJC_ISA_USAGE = YES_ERROR;
				CLANG_WARN_DOCUMENTATION_COMMENTS = YES;
				CLANG_WARN_EMPTY_BODY = YES;
				CLANG_WARN_ENUM_CONVERSION = YES;
				CLANG_WARN_INFINITE_RECURSION = YES;
				CLANG_WARN_INT_CONVERSION = YES;
				CLANG_WARN_OBJC_ROOT_CLASS = YES_ERROR;
				CLANG_WARN_SUSPICIOUS_MOVE = YES;
				CLANG_WARN_UNREACHABLE_CODE = YES;
				CLANG_WARN__DUPLICATE_METHOD_MATCH = YES;
				CODE_SIGN_IDENTITY = "-";
				COPY_PHASE_STRIP = NO;
				DEBUG_INFORMATION_FORMAT = "dwarf-with-dsym";
				ENABLE_NS_ASSERTIONS = NO;
				ENABLE_STRICT_OBJC_MSGSEND = YES;
				GCC_C_LANGUAGE_STANDARD = gnu99;
				GCC_NO_COMMON_BLOCKS = YES;
				GCC_WARN_64_TO_32_BIT_CONVERSION = YES;
				GCC_WARN_ABOUT_RETURN_TYPE = YES_ERROR;
				GCC_WARN_UNDECLARED_SELECTOR = YES;
				GCC_WARN_UNINITIALIZED_AUTOS = YES_AGGRESSIVE;
				GCC_WARN_UNUSED_FUNCTION = YES;
				GCC_WARN_UNUSED_VARIABLE = YES;
				MACOSX_DEPLOYMENT_TARGET = 10.12;
				MTL_ENABLE_DEBUG_INFO = NO;
				SDKROOT = macosx;
				SWIFT_OPTIMIZATION_LEVEL = "-Owholemodule";
			};
			name = Release;
		};
		CAAD06DD1E112A1F00337747 /* Debug */ = {
			isa = XCBuildConfiguration;
			buildSettings = {
				ASSETCATALOG_COMPILER_APPICON_NAME = AppIcon;
				COMBINE_HIDPI_IMAGES = YES;
				INFOPLIST_FILE = StockBar/Info.plist;
				LD_RUNPATH_SEARCH_PATHS = "$(inherited) @executable_path/../Frameworks";
				PRODUCT_BUNDLE_IDENTIFIER = tw.hiraku.stockbar;
				PRODUCT_NAME = "$(TARGET_NAME)";
				SWIFT_VERSION = 3.0;
			};
			name = Debug;
		};
		CAAD06DE1E112A1F00337747 /* Release */ = {
			isa = XCBuildConfiguration;
			buildSettings = {
				ASSETCATALOG_COMPILER_APPICON_NAME = AppIcon;
				COMBINE_HIDPI_IMAGES = YES;
				INFOPLIST_FILE = StockBar/Info.plist;
				LD_RUNPATH_SEARCH_PATHS = "$(inherited) @executable_path/../Frameworks";
				PRODUCT_BUNDLE_IDENTIFIER = tw.hiraku.stockbar;
				PRODUCT_NAME = "$(TARGET_NAME)";
				SWIFT_VERSION = 3.0;
			};
			name = Release;
		};
/* End XCBuildConfiguration section */

/* Begin XCConfigurationList section */
		CAAD06CA1E112A1F00337747 /* Build configuration list for PBXProject "StockBar" */ = {
			isa = XCConfigurationList;
			buildConfigurations = (
				CAAD06DA1E112A1F00337747 /* Debug */,
				CAAD06DB1E112A1F00337747 /* Release */,
			);
			defaultConfigurationIsVisible = 0;
			defaultConfigurationName = Release;
		};
		CAAD06DC1E112A1F00337747 /* Build configuration list for PBXNativeTarget "StockBar" */ = {
			isa = XCConfigurationList;
			buildConfigurations = (
				CAAD06DD1E112A1F00337747 /* Debug */,
				CAAD06DE1E112A1F00337747 /* Release */,
			);
			defaultConfigurationIsVisible = 0;
		};
/* End XCConfigurationList section */
	};
	rootObject = CAAD06C71E112A1F00337747 /* Project object */;
}
